// !$*UTF8*$!
{
	archiveVersion = 1;
	classes = {
	};
	objectVersion = 46;
	objects = {

/* Begin PBXBuildFile section */
		102CF6041F3BABF100E517FD /* AppDelegate.swift in Sources */ = {isa = PBXBuildFile; fileRef = 102CF6031F3BABF100E517FD /* AppDelegate.swift */; };
		102CF6061F3BABF100E517FD /* HomeViewController.swift in Sources */ = {isa = PBXBuildFile; fileRef = 102CF6051F3BABF100E517FD /* HomeViewController.swift */; };
		102CF6091F3BABF100E517FD /* Main.storyboard in Resources */ = {isa = PBXBuildFile; fileRef = 102CF6071F3BABF100E517FD /* Main.storyboard */; };
		102CF60B1F3BABF100E517FD /* Assets.xcassets in Resources */ = {isa = PBXBuildFile; fileRef = 102CF60A1F3BABF100E517FD /* Assets.xcassets */; };
		102CF60E1F3BABF100E517FD /* LaunchScreen.storyboard in Resources */ = {isa = PBXBuildFile; fileRef = 102CF60C1F3BABF100E517FD /* LaunchScreen.storyboard */; };
		102CF6161F3BAD7200E517FD /* PuppyService.swift in Sources */ = {isa = PBXBuildFile; fileRef = 102CF6151F3BAD7200E517FD /* PuppyService.swift */; };
		102CF6181F3BAD7B00E517FD /* Model.swift in Sources */ = {isa = PBXBuildFile; fileRef = 102CF6171F3BAD7B00E517FD /* Model.swift */; };
		87DB1B9DE4A28A53006B6B15 /* Pods_Recipes.framework in Frameworks */ = {isa = PBXBuildFile; fileRef = 58A787F38203D797784A0396 /* Pods_Recipes.framework */; };
/* End PBXBuildFile section */

/* Begin PBXFileReference section */
		102CF6001F3BABF100E517FD /* Recipes.app */ = {isa = PBXFileReference; explicitFileType = wrapper.application; includeInIndex = 0; path = Recipes.app; sourceTree = BUILT_PRODUCTS_DIR; };
		102CF6031F3BABF100E517FD /* AppDelegate.swift */ = {isa = PBXFileReference; lastKnownFileType = sourcecode.swift; path = AppDelegate.swift; sourceTree = "<group>"; };
		102CF6051F3BABF100E517FD /* HomeViewController.swift */ = {isa = PBXFileReference; lastKnownFileType = sourcecode.swift; path = HomeViewController.swift; sourceTree = "<group>"; };
		102CF6081F3BABF100E517FD /* Base */ = {isa = PBXFileReference; lastKnownFileType = file.storyboard; name = Base; path = Base.lproj/Main.storyboard; sourceTree = "<group>"; };
		102CF60A1F3BABF100E517FD /* Assets.xcassets */ = {isa = PBXFileReference; lastKnownFileType = folder.assetcatalog; path = Assets.xcassets; sourceTree = "<group>"; };
		102CF60D1F3BABF100E517FD /* Base */ = {isa = PBXFileReference; lastKnownFileType = file.storyboard; name = Base; path = Base.lproj/LaunchScreen.storyboard; sourceTree = "<group>"; };
		102CF60F1F3BABF100E517FD /* Info.plist */ = {isa = PBXFileReference; lastKnownFileType = text.plist.xml; path = Info.plist; sourceTree = "<group>"; };
		102CF6151F3BAD7200E517FD /* PuppyService.swift */ = {isa = PBXFileReference; fileEncoding = 4; lastKnownFileType = sourcecode.swift; path = PuppyService.swift; sourceTree = "<group>"; };
		102CF6171F3BAD7B00E517FD /* Model.swift */ = {isa = PBXFileReference; fileEncoding = 4; lastKnownFileType = sourcecode.swift; path = Model.swift; sourceTree = "<group>"; };
		281EE1E181ABFF45B3AC611C /* Pods-Recipes.release.xcconfig */ = {isa = PBXFileReference; includeInIndex = 1; lastKnownFileType = text.xcconfig; name = "Pods-Recipes.release.xcconfig"; path = "Pods/Target Support Files/Pods-Recipes/Pods-Recipes.release.xcconfig"; sourceTree = "<group>"; };
		58A787F38203D797784A0396 /* Pods_Recipes.framework */ = {isa = PBXFileReference; explicitFileType = wrapper.framework; includeInIndex = 0; path = Pods_Recipes.framework; sourceTree = BUILT_PRODUCTS_DIR; };
		97353BA43C4B5F8375A77710 /* Pods-Recipes.debug.xcconfig */ = {isa = PBXFileReference; includeInIndex = 1; lastKnownFileType = text.xcconfig; name = "Pods-Recipes.debug.xcconfig"; path = "Pods/Target Support Files/Pods-Recipes/Pods-Recipes.debug.xcconfig"; sourceTree = "<group>"; };
/* End PBXFileReference section */

/* Begin PBXFrameworksBuildPhase section */
		102CF5FD1F3BABF100E517FD /* Frameworks */ = {
			isa = PBXFrameworksBuildPhase;
			buildActionMask = 2147483647;
			files = (
				87DB1B9DE4A28A53006B6B15 /* Pods_Recipes.framework in Frameworks */,
			);
			runOnlyForDeploymentPostprocessing = 0;
		};
/* End PBXFrameworksBuildPhase section */

/* Begin PBXGroup section */
		102CF5F71F3BABF100E517FD = {
			isa = PBXGroup;
			children = (
				102CF6021F3BABF100E517FD /* Recipes */,
				102CF6011F3BABF100E517FD /* Products */,
				8C49FC8C3FC050E13C99A681 /* Pods */,
				DA6B2D1450700267C7C37579 /* Frameworks */,
			);
			sourceTree = "<group>";
		};
		102CF6011F3BABF100E517FD /* Products */ = {
			isa = PBXGroup;
			children = (
				102CF6001F3BABF100E517FD /* Recipes.app */,
			);
			name = Products;
			sourceTree = "<group>";
		};
		102CF6021F3BABF100E517FD /* Recipes */ = {
			isa = PBXGroup;
			children = (
				102CF6031F3BABF100E517FD /* AppDelegate.swift */,
				102CF6171F3BAD7B00E517FD /* Model.swift */,
				102CF6151F3BAD7200E517FD /* PuppyService.swift */,
				102CF6051F3BABF100E517FD /* HomeViewController.swift */,
				102CF6071F3BABF100E517FD /* Main.storyboard */,
				102CF60A1F3BABF100E517FD /* Assets.xcassets */,
				102CF60C1F3BABF100E517FD /* LaunchScreen.storyboard */,
				102CF60F1F3BABF100E517FD /* Info.plist */,
			);
			path = Recipes;
			sourceTree = "<group>";
		};
		8C49FC8C3FC050E13C99A681 /* Pods */ = {
			isa = PBXGroup;
			children = (
				97353BA43C4B5F8375A77710 /* Pods-Recipes.debug.xcconfig */,
				281EE1E181ABFF45B3AC611C /* Pods-Recipes.release.xcconfig */,
			);
			name = Pods;
			sourceTree = "<group>";
		};
		DA6B2D1450700267C7C37579 /* Frameworks */ = {
			isa = PBXGroup;
			children = (
				58A787F38203D797784A0396 /* Pods_Recipes.framework */,
			);
			name = Frameworks;
			sourceTree = "<group>";
		};
/* End PBXGroup section */

/* Begin PBXNativeTarget section */
		102CF5FF1F3BABF100E517FD /* Recipes */ = {
			isa = PBXNativeTarget;
			buildConfigurationList = 102CF6121F3BABF100E517FD /* Build configuration list for PBXNativeTarget "Recipes" */;
			buildPhases = (
				66DFF992F365BD0C78CF6B64 /* [CP] Check Pods Manifest.lock */,
				102CF5FC1F3BABF100E517FD /* Sources */,
				102CF5FD1F3BABF100E517FD /* Frameworks */,
				102CF5FE1F3BABF100E517FD /* Resources */,
				95123E714693626A176CE6B2 /* [CP] Embed Pods Frameworks */,
				0AD9730A25B43729B8E2EAC5 /* [CP] Copy Pods Resources */,
			);
			buildRules = (
			);
			dependencies = (
			);
			name = Recipes;
			productName = Recipes;
			productReference = 102CF6001F3BABF100E517FD /* Recipes.app */;
			productType = "com.apple.product-type.application";
		};
/* End PBXNativeTarget section */

/* Begin PBXProject section */
		102CF5F81F3BABF100E517FD /* Project object */ = {
			isa = PBXProject;
			attributes = {
				LastSwiftUpdateCheck = 0830;
				LastUpgradeCheck = 0830;
				ORGANIZATIONNAME = Purepoint;
				TargetAttributes = {
					102CF5FF1F3BABF100E517FD = {
						CreatedOnToolsVersion = 8.3.3;
						DevelopmentTeam = EA4647G3G8;
						ProvisioningStyle = Automatic;
					};
				};
			};
			buildConfigurationList = 102CF5FB1F3BABF100E517FD /* Build configuration list for PBXProject "Recipes" */;
			compatibilityVersion = "Xcode 3.2";
			developmentRegion = English;
			hasScannedForEncodings = 0;
			knownRegions = (
				en,
				Base,
			);
			mainGroup = 102CF5F71F3BABF100E517FD;
			productRefGroup = 102CF6011F3BABF100E517FD /* Products */;
			projectDirPath = "";
			projectRoot = "";
			targets = (
				102CF5FF1F3BABF100E517FD /* Recipes */,
			);
		};
/* End PBXProject section */

/* Begin PBXResourcesBuildPhase section */
		102CF5FE1F3BABF100E517FD /* Resources */ = {
			isa = PBXResourcesBuildPhase;
			buildActionMask = 2147483647;
			files = (
				102CF60E1F3BABF100E517FD /* LaunchScreen.storyboard in Resources */,
				102CF60B1F3BABF100E517FD /* Assets.xcassets in Resources */,
				102CF6091F3BABF100E517FD /* Main.storyboard in Resources */,
			);
			runOnlyForDeploymentPostprocessing = 0;
		};
/* End PBXResourcesBuildPhase section */

/* Begin PBXShellScriptBuildPhase section */
		0AD9730A25B43729B8E2EAC5 /* [CP] Copy Pods Resources */ = {
			isa = PBXShellScriptBuildPhase;
			buildActionMask = 2147483647;
			files = (
			);
			inputPaths = (
			);
			name = "[CP] Copy Pods Resources";
			outputPaths = (
			);
			runOnlyForDeploymentPostprocessing = 0;
			shellPath = /bin/sh;
			shellScript = "\"${SRCROOT}/Pods/Target Support Files/Pods-Recipes/Pods-Recipes-resources.sh\"\n";
			showEnvVarsInLog = 0;
		};
		66DFF992F365BD0C78CF6B64 /* [CP] Check Pods Manifest.lock */ = {
			isa = PBXShellScriptBuildPhase;
			buildActionMask = 2147483647;
			files = (
			);
			inputPaths = (
				"${PODS_PODFILE_DIR_PATH}/Podfile.lock",
				"${PODS_ROOT}/Manifest.lock",
			);
			name = "[CP] Check Pods Manifest.lock";
			outputPaths = (
				"$(DERIVED_FILE_DIR)/Pods-Recipes-checkManifestLockResult.txt",
			);
			runOnlyForDeploymentPostprocessing = 0;
			shellPath = /bin/sh;
			shellScript = "diff \"${PODS_PODFILE_DIR_PATH}/Podfile.lock\" \"${PODS_ROOT}/Manifest.lock\" > /dev/null\nif [ $? != 0 ] ; then\n    # print error to STDERR\n    echo \"error: The sandbox is not in sync with the Podfile.lock. Run 'pod install' or update your CocoaPods installation.\" >&2\n    exit 1\nfi\n# This output is used by Xcode 'outputs' to avoid re-running this script phase.\necho \"SUCCESS\" > \"${SCRIPT_OUTPUT_FILE_0}\"\n";
			showEnvVarsInLog = 0;
		};
		95123E714693626A176CE6B2 /* [CP] Embed Pods Frameworks */ = {
			isa = PBXShellScriptBuildPhase;
			buildActionMask = 2147483647;
			files = (
			);
			inputPaths = (
				"${SRCROOT}/Pods/Target Support Files/Pods-Recipes/Pods-Recipes-frameworks.sh",
				"${BUILT_PRODUCTS_DIR}/Alamofire/Alamofire.framework",
			);
			name = "[CP] Embed Pods Frameworks";
			outputPaths = (
				"${TARGET_BUILD_DIR}/${FRAMEWORKS_FOLDER_PATH}/Alamofire.framework",
			);
			runOnlyForDeploymentPostprocessing = 0;
			shellPath = /bin/sh;
			shellScript = "\"${SRCROOT}/Pods/Target Support Files/Pods-Recipes/Pods-Recipes-frameworks.sh\"\n";
			showEnvVarsInLog = 0;
		};
/* End PBXShellScriptBuildPhase section */

/* Begin PBXSourcesBuildPhase section */
		102CF5FC1F3BABF100E517FD /* Sources */ = {
			isa = PBXSourcesBuildPhase;
			buildActionMask = 2147483647;
			files = (
				102CF6061F3BABF100E517FD /* HomeViewController.swift in Sources */,
				102CF6161F3BAD7200E517FD /* PuppyService.swift in Sources */,
				102CF6041F3BABF100E517FD /* AppDelegate.swift in Sources */,
				102CF6181F3BAD7B00E517FD /* Model.swift in Sources */,
			);
			runOnlyForDeploymentPostprocessing = 0;
		};
/* End PBXSourcesBuildPhase section */

/* Begin PBXVariantGroup section */
		102CF6071F3BABF100E517FD /* Main.storyboard */ = {
			isa = PBXVariantGroup;
			children = (
				102CF6081F3BABF100E517FD /* Base */,
			);
			name = Main.storyboard;
			sourceTree = "<group>";
		};
		102CF60C1F3BABF100E517FD /* LaunchScreen.storyboard */ = {
			isa = PBXVariantGroup;
			children = (
				102CF60D1F3BABF100E517FD /* Base */,
			);
			name = LaunchScreen.storyboard;
			sourceTree = "<group>";
		};
/* End PBXVariantGroup section */

/* Begin XCBuildConfiguration section */
		102CF6101F3BABF100E517FD /* Debug */ = {
			isa = XCBuildConfiguration;
			buildSettings = {
				ALWAYS_SEARCH_USER_PATHS = NO;
				CLANG_ANALYZER_NONNULL = YES;
				CLANG_ANALYZER_NUMBER_OBJECT_CONVERSION = YES_AGGRESSIVE;
				CLANG_CXX_LANGUAGE_STANDARD = "gnu++0x";
				CLANG_CXX_LIBRARY = "libc++";
				CLANG_ENABLE_MODULES = YES;
				CLANG_ENABLE_OBJC_ARC = YES;
				CLANG_WARN_BOOL_CONVERSION = YES;
				CLANG_WARN_CONSTANT_CONVERSION = YES;
				CLANG_WARN_DIRECT_OBJC_ISA_USAGE = YES_ERROR;
				CLANG_WARN_DOCUMENTATION_COMMENTS = YES;
				CLANG_WARN_EMPTY_BODY = YES;
				CLANG_WARN_ENUM_CONVERSION = YES;
				CLANG_WARN_INFINITE_RECURSION = YES;
				CLANG_WARN_INT_CONVERSION = YES;
				CLANG_WARN_OBJC_ROOT_CLASS = YES_ERROR;
				CLANG_WARN_SUSPICIOUS_MOVE = YES;
				CLANG_WARN_UNREACHABLE_CODE = YES;
				CLANG_WARN__DUPLICATE_METHOD_MATCH = YES;
				"CODE_SIGN_IDENTITY[sdk=iphoneos*]" = "iPhone Developer";
				COPY_PHASE_STRIP = NO;
				DEBUG_INFORMATION_FORMAT = dwarf;
				ENABLE_STRICT_OBJC_MSGSEND = YES;
				ENABLE_TESTABILITY = YES;
				GCC_C_LANGUAGE_STANDARD = gnu99;
				GCC_DYNAMIC_NO_PIC = NO;
				GCC_NO_COMMON_BLOCKS = YES;
				GCC_OPTIMIZATION_LEVEL = 0;
				GCC_PREPROCESSOR_DEFINITIONS = (
					"DEBUG=1",
					"$(inherited)",
				);
				GCC_WARN_64_TO_32_BIT_CONVERSION = YES;
				GCC_WARN_ABOUT_RETURN_TYPE = YES_ERROR;
				GCC_WARN_UNDECLARED_SELECTOR = YES;
				GCC_WARN_UNINITIALIZED_AUTOS = YES_AGGRESSIVE;
				GCC_WARN_UNUSED_FUNCTION = YES;
				GCC_WARN_UNUSED_VARIABLE = YES;
				IPHONEOS_DEPLOYMENT_TARGET = 10.3;
				MTL_ENABLE_DEBUG_INFO = YES;
				ONLY_ACTIVE_ARCH = YES;
				SDKROOT = iphoneos;
				SWIFT_ACTIVE_COMPILATION_CONDITIONS = DEBUG;
				SWIFT_OPTIMIZATION_LEVEL = "-Onone";
				TARGETED_DEVICE_FAMILY = "1,2";
			};
			name = Debug;
		};
		102CF6111F3BABF100E517FD /* Release */ = {
			isa = XCBuildConfiguration;
			buildSettings = {
				ALWAYS_SEARCH_USER_PATHS = NO;
				CLANG_ANALYZER_NONNULL = YES;
				CLANG_ANALYZER_NUMBER_OBJECT_CONVERSION = YES_AGGRESSIVE;
				CLANG_CXX_LANGUAGE_STANDARD = "gnu++0x";
				CLANG_CXX_LIBRARY = "libc++";
				CLANG_ENABLE_MODULES = YES;
				CLANG_ENABLE_OBJC_ARC = YES;
				CLANG_WARN_BOOL_CONVERSION = YES;
				CLANG_WARN_CONSTANT_CONVERSION = YES;
				CLANG_WARN_DIRECT_OBJC_ISA_USAGE = YES_ERROR;
				CLANG_WARN_DOCUMENTATION_COMMENTS = YES;
				CLANG_WARN_EMPTY_BODY = YES;
				CLANG_WARN_ENUM_CONVERSION = YES;
				CLANG_WARN_INFINITE_RECURSION = YES;
				CLANG_WARN_INT_CONVERSION = YES;
				CLANG_WARN_OBJC_ROOT_CLASS = YES_ERROR;
				CLANG_WARN_SUSPICIOUS_MOVE = YES;
				CLANG_WARN_UNREACHABLE_CODE = YES;
				CLANG_WARN__DUPLICATE_METHOD_MATCH = YES;
				"CODE_SIGN_IDENTITY[sdk=iphoneos*]" = "iPhone Developer";
				COPY_PHASE_STRIP = NO;
				DEBUG_INFORMATION_FORMAT = "dwarf-with-dsym";
				ENABLE_NS_ASSERTIONS = NO;
				ENABLE_STRICT_OBJC_MSGSEND = YES;
				GCC_C_LANGUAGE_STANDARD = gnu99;
				GCC_NO_COMMON_BLOCKS = YES;
				GCC_WARN_64_TO_32_BIT_CONVERSION = YES;
				GCC_WARN_ABOUT_RETURN_TYPE = YES_ERROR;
				GCC_WARN_UNDECLARED_SELECTOR = YES;
				GCC_WARN_UNINITIALIZED_AUTOS = YES_AGGRESSIVE;
				GCC_WARN_UNUSED_FUNCTION = YES;
				GCC_WARN_UNUSED_VARIABLE = YES;
				IPHONEOS_DEPLOYMENT_TARGET = 10.3;
				MTL_ENABLE_DEBUG_INFO = NO;
				SDKROOT = iphoneos;
				SWIFT_OPTIMIZATION_LEVEL = "-Owholemodule";
				TARGETED_DEVICE_FAMILY = "1,2";
				VALIDATE_PRODUCT = YES;
			};
			name = Release;
		};
		102CF6131F3BABF100E517FD /* Debug */ = {
			isa = XCBuildConfiguration;
			baseConfigurationReference = 97353BA43C4B5F8375A77710 /* Pods-Recipes.debug.xcconfig */;
			buildSettings = {
				ASSETCATALOG_COMPILER_APPICON_NAME = AppIcon;
				DEVELOPMENT_TEAM = EA4647G3G8;
				INFOPLIST_FILE = Recipes/Info.plist;
				LD_RUNPATH_SEARCH_PATHS = "$(inherited) @executable_path/Frameworks";
				PRODUCT_BUNDLE_IDENTIFIER = com.purepoint.Recipes;
				PRODUCT_NAME = "$(TARGET_NAME)";
				SWIFT_VERSION = 3.0;
			};
			name = Debug;
		};
		102CF6141F3BABF100E517FD /* Release */ = {
			isa = XCBuildConfiguration;
			baseConfigurationReference = 281EE1E181ABFF45B3AC611C /* Pods-Recipes.release.xcconfig */;
			buildSettings = {
				ASSETCATALOG_COMPILER_APPICON_NAME = AppIcon;
				DEVELOPMENT_TEAM = EA4647G3G8;
				INFOPLIST_FILE = Recipes/Info.plist;
				LD_RUNPATH_SEARCH_PATHS = "$(inherited) @executable_path/Frameworks";
				PRODUCT_BUNDLE_IDENTIFIER = com.purepoint.Recipes;
				PRODUCT_NAME = "$(TARGET_NAME)";
				SWIFT_VERSION = 3.0;
			};
			name = Release;
		};
/* End XCBuildConfiguration section */

/* Begin XCConfigurationList section */
		102CF5FB1F3BABF100E517FD /* Build configuration list for PBXProject "Recipes" */ = {
			isa = XCConfigurationList;
			buildConfigurations = (
				102CF6101F3BABF100E517FD /* Debug */,
				102CF6111F3BABF100E517FD /* Release */,
			);
			defaultConfigurationIsVisible = 0;
			defaultConfigurationName = Release;
		};
		102CF6121F3BABF100E517FD /* Build configuration list for PBXNativeTarget "Recipes" */ = {
			isa = XCConfigurationList;
			buildConfigurations = (
				102CF6131F3BABF100E517FD /* Debug */,
				102CF6141F3BABF100E517FD /* Release */,
			);
			defaultConfigurationIsVisible = 0;
			defaultConfigurationName = Release;
		};
/* End XCConfigurationList section */
	};
	rootObject = 102CF5F81F3BABF100E517FD /* Project object */;
}
